
Microsoft Visual Studio Solution File, Format Version 12.00
# Visual Studio Version 17
VisualStudioVersion = 17.4.33122.133
MinimumVisualStudioVersion = 10.0.40219.1
Project("{FAE04EC0-301F-11D3-BF4B-00C04F79EFBC}") = "01 backend", "01 backend\01 backend.csproj", "{3EA13D6E-BDEE-42BE-A69F-084B88B05334}"
EndProject
Global
	GlobalSection(SolutionConfigurationPlatforms) = preSolution
		Debug|Any CPU = Debug|Any CPU
		Release|Any CPU = Release|Any CPU
	EndGlobalSection
	GlobalSection(ProjectConfigurationPlatforms) = postSolution
		{3EA13D6E-BDEE-42BE-A69F-084B88B05334}.Debug|Any CPU.ActiveCfg = Debug|Any CPU
		{3EA13D6E-BDEE-42BE-A69F-084B88B05334}.Debug|Any CPU.Build.0 = Debug|Any CPU
		{3EA13D6E-BDEE-42BE-A69F-084B88B05334}.Release|Any CPU.ActiveCfg = Release|Any CPU
		{3EA13D6E-BDEE-42BE-A69F-084B88B05334}.Release|Any CPU.Build.0 = Release|Any CPU
	EndGlobalSection
	GlobalSection(SolutionProperties) = preSolution
		HideSolutionNode = FALSE
	EndGlobalSection
	GlobalSection(ExtensibilityGlobals) = postSolution
		SolutionGuid = {3BD75017-6335-420B-9EE3-4F538B1EAFF0}
	EndGlobalSection
EndGlobal
